
Microsoft Visual Studio Solution File, Format Version 12.00
# Visual Studio 14
VisualStudioVersion = 14.0.25123.0
MinimumVisualStudioVersion = 10.0.40219.1
Project("{2150E333-8FDC-42A3-9474-1A3956D46DE8}") = "Src", "Src", "{B69C4DAA-9A7C-4A2D-9654-51ABE8A9E1BA}"
EndProject
Project("{2150E333-8FDC-42A3-9474-1A3956D46DE8}") = "Test", "Test", "{093CBAE0-04B3-4394-9092-4D9CA1C133D7}"
	ProjectSection(SolutionItems) = preProject
		test\build.config = test\build.config
	EndProjectSection
EndProject
Project("{FAE04EC0-301F-11D3-BF4B-00C04F79EFBC}") = "Jhu.Graywulf.Build.TestProject", "test\Jhu.Graywulf.Build.TestProject\Jhu.Graywulf.Build.TestProject.csproj", "{47D56E75-0426-4FC9-8427-8EBDB1D41FE4}"
EndProject
Project("{2150E333-8FDC-42A3-9474-1A3956D46DE8}") = "Config", "Config", "{0754B2A4-4B6E-40C4-B439-CF14ACE5DA69}"
	ProjectSection(SolutionItems) = preProject
		test\config\local.config = test\config\local.config
		test\config\test.config = test\config\test.config
	EndProjectSection
EndProject
Project("{FAE04EC0-301F-11D3-BF4B-00C04F79EFBC}") = "Jhu.Graywulf.Build", "src\Jhu.Graywulf.Build\Jhu.Graywulf.Build.csproj", "{9EDA43B0-AABD-48C4-87B9-EE3BDC0941C8}"
EndProject
Project("{FAE04EC0-301F-11D3-BF4B-00C04F79EFBC}") = "Jhu.Graywulf.Build.Test", "test\Jhu.Graywulf.Build.Test\Jhu.Graywulf.Build.Test.csproj", "{9B3284C2-66A0-43F6-9FB9-0418459EF48E}"
EndProject
Project("{FAE04EC0-301F-11D3-BF4B-00C04F79EFBC}") = "Jhu.Graywulf.SqlClrUtil", "src\Jhu.Graywulf.SqlClrUtil\Jhu.Graywulf.SqlClrUtil.csproj", "{CC75D904-89FB-40CD-9EA3-55359FFE1540}"
EndProject
Project("{2150E333-8FDC-42A3-9474-1A3956D46DE8}") = "Imports", "Imports", "{EACF5D86-6ACF-400D-B5C4-E368D3648284}"
	ProjectSection(SolutionItems) = preProject
		build\Jhu.Graywulf.Build.SqlClr.targets = build\Jhu.Graywulf.Build.SqlClr.targets
		build\Jhu.Graywulf.Build.targets = build\Jhu.Graywulf.Build.targets
		build\Jhu.Graywulf.Build.tasks = build\Jhu.Graywulf.Build.tasks
	EndProjectSection
EndProject
Global
	GlobalSection(SolutionConfigurationPlatforms) = preSolution
		Debug|Any CPU = Debug|Any CPU
		Release|Any CPU = Release|Any CPU
	EndGlobalSection
	GlobalSection(ProjectConfigurationPlatforms) = postSolution
		{47D56E75-0426-4FC9-8427-8EBDB1D41FE4}.Debug|Any CPU.ActiveCfg = Debug|Any CPU
		{47D56E75-0426-4FC9-8427-8EBDB1D41FE4}.Release|Any CPU.ActiveCfg = Release|Any CPU
		{47D56E75-0426-4FC9-8427-8EBDB1D41FE4}.Release|Any CPU.Build.0 = Release|Any CPU
		{9EDA43B0-AABD-48C4-87B9-EE3BDC0941C8}.Debug|Any CPU.ActiveCfg = Debug|Any CPU
		{9EDA43B0-AABD-48C4-87B9-EE3BDC0941C8}.Debug|Any CPU.Build.0 = Debug|Any CPU
		{9EDA43B0-AABD-48C4-87B9-EE3BDC0941C8}.Release|Any CPU.ActiveCfg = Release|Any CPU
		{9EDA43B0-AABD-48C4-87B9-EE3BDC0941C8}.Release|Any CPU.Build.0 = Release|Any CPU
		{9B3284C2-66A0-43F6-9FB9-0418459EF48E}.Debug|Any CPU.ActiveCfg = Debug|Any CPU
		{9B3284C2-66A0-43F6-9FB9-0418459EF48E}.Debug|Any CPU.Build.0 = Debug|Any CPU
		{9B3284C2-66A0-43F6-9FB9-0418459EF48E}.Release|Any CPU.ActiveCfg = Release|Any CPU
		{9B3284C2-66A0-43F6-9FB9-0418459EF48E}.Release|Any CPU.Build.0 = Release|Any CPU
		{CC75D904-89FB-40CD-9EA3-55359FFE1540}.Debug|Any CPU.ActiveCfg = Debug|Any CPU
		{CC75D904-89FB-40CD-9EA3-55359FFE1540}.Debug|Any CPU.Build.0 = Debug|Any CPU
		{CC75D904-89FB-40CD-9EA3-55359FFE1540}.Release|Any CPU.ActiveCfg = Release|Any CPU
		{CC75D904-89FB-40CD-9EA3-55359FFE1540}.Release|Any CPU.Build.0 = Release|Any CPU
	EndGlobalSection
	GlobalSection(SolutionProperties) = preSolution
		HideSolutionNode = FALSE
	EndGlobalSection
	GlobalSection(NestedProjects) = preSolution
		{47D56E75-0426-4FC9-8427-8EBDB1D41FE4} = {093CBAE0-04B3-4394-9092-4D9CA1C133D7}
		{0754B2A4-4B6E-40C4-B439-CF14ACE5DA69} = {093CBAE0-04B3-4394-9092-4D9CA1C133D7}
		{9EDA43B0-AABD-48C4-87B9-EE3BDC0941C8} = {B69C4DAA-9A7C-4A2D-9654-51ABE8A9E1BA}
		{9B3284C2-66A0-43F6-9FB9-0418459EF48E} = {093CBAE0-04B3-4394-9092-4D9CA1C133D7}
		{CC75D904-89FB-40CD-9EA3-55359FFE1540} = {B69C4DAA-9A7C-4A2D-9654-51ABE8A9E1BA}
	EndGlobalSection
EndGlobal
