
Microsoft Visual Studio Solution File, Format Version 12.00
# Visual Studio 14
VisualStudioVersion = 14.0.25420.1
MinimumVisualStudioVersion = 10.0.40219.1
Project("{2150E333-8FDC-42A3-9474-1A3956D46DE8}") = "Src", "Src", "{B69C4DAA-9A7C-4A2D-9654-51ABE8A9E1BA}"
EndProject
Project("{2150E333-8FDC-42A3-9474-1A3956D46DE8}") = "Test", "Test", "{093CBAE0-04B3-4394-9092-4D9CA1C133D7}"
	ProjectSection(SolutionItems) = preProject
		test\gwconfig.xml = test\gwconfig.xml
	EndProjectSection
EndProject
Project("{FAE04EC0-301F-11D3-BF4B-00C04F79EFBC}") = "Jhu.Graywulf.Build.ConfigUtil", "src\Jhu.Graywulf.Build.ConfigUtil\Jhu.Graywulf.Build.ConfigUtil.csproj", "{8C76A628-C4CD-4641-BD91-2CB7A1137A02}"
EndProject
Project("{FAE04EC0-301F-11D3-BF4B-00C04F79EFBC}") = "Jhu.Graywulf.Build.ConfigUtil.Test", "test\Jhu.Graywulf.Build.ConfigUtil.Test\Jhu.Graywulf.Build.ConfigUtil.Test.csproj", "{47D56E75-0426-4FC9-8427-8EBDB1D41FE4}"
EndProject
Project("{2150E333-8FDC-42A3-9474-1A3956D46DE8}") = "Config", "Config", "{0754B2A4-4B6E-40C4-B439-CF14ACE5DA69}"
	ProjectSection(SolutionItems) = preProject
		test\config\local.config = test\config\local.config
		test\config\test.config = test\config\test.config
	EndProjectSection
EndProject
Global
	GlobalSection(SolutionConfigurationPlatforms) = preSolution
		Debug|Any CPU = Debug|Any CPU
		Release|Any CPU = Release|Any CPU
	EndGlobalSection
	GlobalSection(ProjectConfigurationPlatforms) = postSolution
		{8C76A628-C4CD-4641-BD91-2CB7A1137A02}.Debug|Any CPU.ActiveCfg = Debug|Any CPU
		{8C76A628-C4CD-4641-BD91-2CB7A1137A02}.Debug|Any CPU.Build.0 = Debug|Any CPU
		{8C76A628-C4CD-4641-BD91-2CB7A1137A02}.Release|Any CPU.ActiveCfg = Release|Any CPU
		{8C76A628-C4CD-4641-BD91-2CB7A1137A02}.Release|Any CPU.Build.0 = Release|Any CPU
		{47D56E75-0426-4FC9-8427-8EBDB1D41FE4}.Debug|Any CPU.ActiveCfg = Debug|Any CPU
		{47D56E75-0426-4FC9-8427-8EBDB1D41FE4}.Debug|Any CPU.Build.0 = Debug|Any CPU
		{47D56E75-0426-4FC9-8427-8EBDB1D41FE4}.Release|Any CPU.ActiveCfg = Release|Any CPU
		{47D56E75-0426-4FC9-8427-8EBDB1D41FE4}.Release|Any CPU.Build.0 = Release|Any CPU
	EndGlobalSection
	GlobalSection(SolutionProperties) = preSolution
		HideSolutionNode = FALSE
	EndGlobalSection
	GlobalSection(NestedProjects) = preSolution
		{8C76A628-C4CD-4641-BD91-2CB7A1137A02} = {B69C4DAA-9A7C-4A2D-9654-51ABE8A9E1BA}
		{47D56E75-0426-4FC9-8427-8EBDB1D41FE4} = {093CBAE0-04B3-4394-9092-4D9CA1C133D7}
		{0754B2A4-4B6E-40C4-B439-CF14ACE5DA69} = {093CBAE0-04B3-4394-9092-4D9CA1C133D7}
	EndGlobalSection
EndGlobal
